
Microsoft Visual Studio Solution File, Format Version 12.00
# Visual Studio Version 17
VisualStudioVersion = 17.0.32014.148
MinimumVisualStudioVersion = 10.0.40219.1
Project("{9A19103F-16F7-4668-BE54-9A1E7A4F7556}") = "PatientManager.Domain", "PatientManager.Domain\PatientManager.Domain.csproj", "{CC11A80B-9359-4343-A9B9-DD00F96ABA61}"
EndProject
Project("{9A19103F-16F7-4668-BE54-9A1E7A4F7556}") = "PatientManager.Domain.Common", "PatientManager.Domain.Common\PatientManager.Domain.Common.csproj", "{C17D2192-A7C2-447C-A89E-5BF56FCC248A}"
EndProject
Project("{9A19103F-16F7-4668-BE54-9A1E7A4F7556}") = "PatientManager.Sql", "PatientManager.Sql\PatientManager.Sql.csproj", "{C1B5262E-C833-4F63-8010-BAB1D2EAA094}"
EndProject
Project("{2150E333-8FDC-42A3-9474-1A3956D46DE8}") = "2- Core", "2- Core", "{F6BD96BB-B55A-4CF7-983E-6E5AE4175BFA}"
EndProject
Project("{2150E333-8FDC-42A3-9474-1A3956D46DE8}") = "3- Infrastrtucture", "3- Infrastrtucture", "{05C32D82-F9FC-491B-B0CC-1BAFFD0FC8FA}"
EndProject
Project("{2150E333-8FDC-42A3-9474-1A3956D46DE8}") = "1- Presentation", "1- Presentation", "{89230E8D-395C-4C31-8F34-A13263675DE7}"
EndProject
Project("{9A19103F-16F7-4668-BE54-9A1E7A4F7556}") = "PatientManager.WinFormsApp", "PatientManager.WinFormsApp\PatientManager.WinFormsApp.csproj", "{466176F6-A80C-4398-9122-7223F53EED4A}"
EndProject
Project("{9A19103F-16F7-4668-BE54-9A1E7A4F7556}") = "PatientManager.FileService", "PatientManager.FileService\PatientManager.FileService.csproj", "{905821B6-44A7-4A5A-905F-6FE43DB130A9}"
EndProject
Project("{9A19103F-16F7-4668-BE54-9A1E7A4F7556}") = "PatientManager.Application", "PatientManager.Application\PatientManager.Application.csproj", "{04D2AC87-BDD1-4521-81AC-040554D90F56}"
EndProject
Project("{2150E333-8FDC-42A3-9474-1A3956D46DE8}") = "2- Application", "2- Application", "{832C3711-7587-4037-A6B4-5DCC78410CBD}"
EndProject
Global
	GlobalSection(SolutionConfigurationPlatforms) = preSolution
		Debug|Any CPU = Debug|Any CPU
		Release|Any CPU = Release|Any CPU
	EndGlobalSection
	GlobalSection(ProjectConfigurationPlatforms) = postSolution
		{CC11A80B-9359-4343-A9B9-DD00F96ABA61}.Debug|Any CPU.ActiveCfg = Debug|Any CPU
		{CC11A80B-9359-4343-A9B9-DD00F96ABA61}.Debug|Any CPU.Build.0 = Debug|Any CPU
		{CC11A80B-9359-4343-A9B9-DD00F96ABA61}.Release|Any CPU.ActiveCfg = Release|Any CPU
		{CC11A80B-9359-4343-A9B9-DD00F96ABA61}.Release|Any CPU.Build.0 = Release|Any CPU
		{C17D2192-A7C2-447C-A89E-5BF56FCC248A}.Debug|Any CPU.ActiveCfg = Debug|Any CPU
		{C17D2192-A7C2-447C-A89E-5BF56FCC248A}.Debug|Any CPU.Build.0 = Debug|Any CPU
		{C17D2192-A7C2-447C-A89E-5BF56FCC248A}.Release|Any CPU.ActiveCfg = Release|Any CPU
		{C17D2192-A7C2-447C-A89E-5BF56FCC248A}.Release|Any CPU.Build.0 = Release|Any CPU
		{C1B5262E-C833-4F63-8010-BAB1D2EAA094}.Debug|Any CPU.ActiveCfg = Debug|Any CPU
		{C1B5262E-C833-4F63-8010-BAB1D2EAA094}.Debug|Any CPU.Build.0 = Debug|Any CPU
		{C1B5262E-C833-4F63-8010-BAB1D2EAA094}.Release|Any CPU.ActiveCfg = Release|Any CPU
		{C1B5262E-C833-4F63-8010-BAB1D2EAA094}.Release|Any CPU.Build.0 = Release|Any CPU
		{466176F6-A80C-4398-9122-7223F53EED4A}.Debug|Any CPU.ActiveCfg = Debug|Any CPU
		{466176F6-A80C-4398-9122-7223F53EED4A}.Debug|Any CPU.Build.0 = Debug|Any CPU
		{466176F6-A80C-4398-9122-7223F53EED4A}.Release|Any CPU.ActiveCfg = Release|Any CPU
		{466176F6-A80C-4398-9122-7223F53EED4A}.Release|Any CPU.Build.0 = Release|Any CPU
		{905821B6-44A7-4A5A-905F-6FE43DB130A9}.Debug|Any CPU.ActiveCfg = Debug|Any CPU
		{905821B6-44A7-4A5A-905F-6FE43DB130A9}.Debug|Any CPU.Build.0 = Debug|Any CPU
		{905821B6-44A7-4A5A-905F-6FE43DB130A9}.Release|Any CPU.ActiveCfg = Release|Any CPU
		{905821B6-44A7-4A5A-905F-6FE43DB130A9}.Release|Any CPU.Build.0 = Release|Any CPU
		{04D2AC87-BDD1-4521-81AC-040554D90F56}.Debug|Any CPU.ActiveCfg = Debug|Any CPU
		{04D2AC87-BDD1-4521-81AC-040554D90F56}.Debug|Any CPU.Build.0 = Debug|Any CPU
		{04D2AC87-BDD1-4521-81AC-040554D90F56}.Release|Any CPU.ActiveCfg = Release|Any CPU
		{04D2AC87-BDD1-4521-81AC-040554D90F56}.Release|Any CPU.Build.0 = Release|Any CPU
	EndGlobalSection
	GlobalSection(SolutionProperties) = preSolution
		HideSolutionNode = FALSE
	EndGlobalSection
	GlobalSection(NestedProjects) = preSolution
		{CC11A80B-9359-4343-A9B9-DD00F96ABA61} = {F6BD96BB-B55A-4CF7-983E-6E5AE4175BFA}
		{C17D2192-A7C2-447C-A89E-5BF56FCC248A} = {F6BD96BB-B55A-4CF7-983E-6E5AE4175BFA}
		{C1B5262E-C833-4F63-8010-BAB1D2EAA094} = {05C32D82-F9FC-491B-B0CC-1BAFFD0FC8FA}
		{466176F6-A80C-4398-9122-7223F53EED4A} = {89230E8D-395C-4C31-8F34-A13263675DE7}
		{905821B6-44A7-4A5A-905F-6FE43DB130A9} = {05C32D82-F9FC-491B-B0CC-1BAFFD0FC8FA}
		{04D2AC87-BDD1-4521-81AC-040554D90F56} = {832C3711-7587-4037-A6B4-5DCC78410CBD}
	EndGlobalSection
	GlobalSection(ExtensibilityGlobals) = postSolution
		SolutionGuid = {B0008A6F-874A-4708-B55F-462495056CCF}
	EndGlobalSection
EndGlobal
